
Microsoft Visual Studio Solution File, Format Version 12.00
# Visual Studio Version 16
VisualStudioVersion = 16.0.31515.178
MinimumVisualStudioVersion = 10.0.40219.1
Project("{FAE04EC0-301F-11D3-BF4B-00C04F79EFBC}") = "CommanderGQL", "CommanderGQL\CommanderGQL.csproj", "{120DCBBA-A8B6-47E9-A2F7-365FCE1BECAD}"
EndProject
Global
	GlobalSection(SolutionConfigurationPlatforms) = preSolution
		Debug|Any CPU = Debug|Any CPU
		Release|Any CPU = Release|Any CPU
	EndGlobalSection
	GlobalSection(ProjectConfigurationPlatforms) = postSolution
		{120DCBBA-A8B6-47E9-A2F7-365FCE1BECAD}.Debug|Any CPU.ActiveCfg = Debug|Any CPU
		{120DCBBA-A8B6-47E9-A2F7-365FCE1BECAD}.Debug|Any CPU.Build.0 = Debug|Any CPU
		{120DCBBA-A8B6-47E9-A2F7-365FCE1BECAD}.Release|Any CPU.ActiveCfg = Release|Any CPU
		{120DCBBA-A8B6-47E9-A2F7-365FCE1BECAD}.Release|Any CPU.Build.0 = Release|Any CPU
	EndGlobalSection
	GlobalSection(SolutionProperties) = preSolution
		HideSolutionNode = FALSE
	EndGlobalSection
	GlobalSection(ExtensibilityGlobals) = postSolution
		SolutionGuid = {60FC7EAD-33C3-48A2-87D0-68A4ACB7D685}
	EndGlobalSection
EndGlobal
